
Microsoft Visual Studio Solution File, Format Version 12.00
# Visual Studio Version 16
VisualStudioVersion = 16.0.30204.135
MinimumVisualStudioVersion = 10.0.40219.1
Project("{FAE04EC0-301F-11D3-BF4B-00C04F79EFBC}") = "Punch-Out", "Punch-Out\Punch-Out.csproj", "{F9980B7A-35A9-499B-9C21-9CE8EDD64882}"
EndProject
Global
	GlobalSection(SolutionConfigurationPlatforms) = preSolution
		Debug|Any CPU = Debug|Any CPU
		Release|Any CPU = Release|Any CPU
	EndGlobalSection
	GlobalSection(ProjectConfigurationPlatforms) = postSolution
		{F9980B7A-35A9-499B-9C21-9CE8EDD64882}.Debug|Any CPU.ActiveCfg = Debug|Any CPU
		{F9980B7A-35A9-499B-9C21-9CE8EDD64882}.Debug|Any CPU.Build.0 = Debug|Any CPU
		{F9980B7A-35A9-499B-9C21-9CE8EDD64882}.Release|Any CPU.ActiveCfg = Release|Any CPU
		{F9980B7A-35A9-499B-9C21-9CE8EDD64882}.Release|Any CPU.Build.0 = Release|Any CPU
	EndGlobalSection
	GlobalSection(SolutionProperties) = preSolution
		HideSolutionNode = FALSE
	EndGlobalSection
	GlobalSection(ExtensibilityGlobals) = postSolution
		SolutionGuid = {3E39FE60-7AC0-4EAA-8D89-F5D4CEE62412}
	EndGlobalSection
EndGlobal
